// !$*UTF8*$!
{
	archiveVersion = 1;
	classes = {
	};
	objectVersion = 46;
	objects = {

/* Begin PBXBuildFile section */
		F66DD9DE153AD88C00F0FEF2 /* XMLEntry.m in Sources */ = {isa = PBXBuildFile; fileRef = F66DD9DD153AD88C00F0FEF2 /* XMLEntry.m */; };
		F6842A5C153ACFF200F98BD6 /* UIKit.framework in Frameworks */ = {isa = PBXBuildFile; fileRef = F6842A5B153ACFF200F98BD6 /* UIKit.framework */; };
		F6842A5E153ACFF200F98BD6 /* Foundation.framework in Frameworks */ = {isa = PBXBuildFile; fileRef = F6842A5D153ACFF200F98BD6 /* Foundation.framework */; };
		F6842A60153ACFF200F98BD6 /* CoreGraphics.framework in Frameworks */ = {isa = PBXBuildFile; fileRef = F6842A5F153ACFF200F98BD6 /* CoreGraphics.framework */; };
		F6842A66153ACFF300F98BD6 /* InfoPlist.strings in Resources */ = {isa = PBXBuildFile; fileRef = F6842A64153ACFF300F98BD6 /* InfoPlist.strings */; };
		F6842A68153ACFF300F98BD6 /* main.m in Sources */ = {isa = PBXBuildFile; fileRef = F6842A67153ACFF300F98BD6 /* main.m */; };
		F6842A6C153ACFF300F98BD6 /* de_tobonautAppDelegate.m in Sources */ = {isa = PBXBuildFile; fileRef = F6842A6B153ACFF300F98BD6 /* de_tobonautAppDelegate.m */; };
		F6842A6F153ACFF300F98BD6 /* MainStoryboard.storyboard in Resources */ = {isa = PBXBuildFile; fileRef = F6842A6D153ACFF300F98BD6 /* MainStoryboard.storyboard */; };
		F6842A72153ACFF300F98BD6 /* de_tobonautViewController.m in Sources */ = {isa = PBXBuildFile; fileRef = F6842A71153ACFF300F98BD6 /* de_tobonautViewController.m */; };
		F6842A7D153AD0EA00F98BD6 /* XMLParser.m in Sources */ = {isa = PBXBuildFile; fileRef = F6842A7C153AD0EA00F98BD6 /* XMLParser.m */; };
/* End PBXBuildFile section */

/* Begin PBXFileReference section */
		F66DD9DC153AD88C00F0FEF2 /* XMLEntry.h */ = {isa = PBXFileReference; fileEncoding = 4; lastKnownFileType = sourcecode.c.h; path = XMLEntry.h; sourceTree = "<group>"; };
		F66DD9DD153AD88C00F0FEF2 /* XMLEntry.m */ = {isa = PBXFileReference; fileEncoding = 4; lastKnownFileType = sourcecode.c.objc; path = XMLEntry.m; sourceTree = "<group>"; };
		F6842A57153ACFF200F98BD6 /* SimpleXmlParser.app */ = {isa = PBXFileReference; explicitFileType = wrapper.application; includeInIndex = 0; path = SimpleXmlParser.app; sourceTree = BUILT_PRODUCTS_DIR; };
		F6842A5B153ACFF200F98BD6 /* UIKit.framework */ = {isa = PBXFileReference; lastKnownFileType = wrapper.framework; name = UIKit.framework; path = System/Library/Frameworks/UIKit.framework; sourceTree = SDKROOT; };
		F6842A5D153ACFF200F98BD6 /* Foundation.framework */ = {isa = PBXFileReference; lastKnownFileType = wrapper.framework; name = Foundation.framework; path = System/Library/Frameworks/Foundation.framework; sourceTree = SDKROOT; };
		F6842A5F153ACFF200F98BD6 /* CoreGraphics.framework */ = {isa = PBXFileReference; lastKnownFileType = wrapper.framework; name = CoreGraphics.framework; path = System/Library/Frameworks/CoreGraphics.framework; sourceTree = SDKROOT; };
		F6842A63153ACFF300F98BD6 /* SimpleXmlParser-Info.plist */ = {isa = PBXFileReference; lastKnownFileType = text.plist.xml; path = "SimpleXmlParser-Info.plist"; sourceTree = "<group>"; };
		F6842A65153ACFF300F98BD6 /* en */ = {isa = PBXFileReference; lastKnownFileType = text.plist.strings; name = en; path = en.lproj/InfoPlist.strings; sourceTree = "<group>"; };
		F6842A67153ACFF300F98BD6 /* main.m */ = {isa = PBXFileReference; lastKnownFileType = sourcecode.c.objc; path = main.m; sourceTree = "<group>"; };
		F6842A69153ACFF300F98BD6 /* SimpleXmlParser-Prefix.pch */ = {isa = PBXFileReference; lastKnownFileType = sourcecode.c.h; path = "SimpleXmlParser-Prefix.pch"; sourceTree = "<group>"; };
		F6842A6A153ACFF300F98BD6 /* de_tobonautAppDelegate.h */ = {isa = PBXFileReference; lastKnownFileType = sourcecode.c.h; path = de_tobonautAppDelegate.h; sourceTree = "<group>"; };
		F6842A6B153ACFF300F98BD6 /* de_tobonautAppDelegate.m */ = {isa = PBXFileReference; lastKnownFileType = sourcecode.c.objc; path = de_tobonautAppDelegate.m; sourceTree = "<group>"; };
		F6842A6E153ACFF300F98BD6 /* en */ = {isa = PBXFileReference; lastKnownFileType = file.storyboard; name = en; path = en.lproj/MainStoryboard.storyboard; sourceTree = "<group>"; };
		F6842A70153ACFF300F98BD6 /* de_tobonautViewController.h */ = {isa = PBXFileReference; lastKnownFileType = sourcecode.c.h; path = de_tobonautViewController.h; sourceTree = "<group>"; };
		F6842A71153ACFF300F98BD6 /* de_tobonautViewController.m */ = {isa = PBXFileReference; lastKnownFileType = sourcecode.c.objc; path = de_tobonautViewController.m; sourceTree = "<group>"; };
		F6842A7B153AD0EA00F98BD6 /* XMLParser.h */ = {isa = PBXFileReference; fileEncoding = 4; lastKnownFileType = sourcecode.c.h; path = XMLParser.h; sourceTree = "<group>"; };
		F6842A7C153AD0EA00F98BD6 /* XMLParser.m */ = {isa = PBXFileReference; fileEncoding = 4; lastKnownFileType = sourcecode.c.objc; path = XMLParser.m; sourceTree = "<group>"; };
/* End PBXFileReference section */

/* Begin PBXFrameworksBuildPhase section */
		F6842A54153ACFF200F98BD6 /* Frameworks */ = {
			isa = PBXFrameworksBuildPhase;
			buildActionMask = 2147483647;
			files = (
				F6842A5C153ACFF200F98BD6 /* UIKit.framework in Frameworks */,
				F6842A5E153ACFF200F98BD6 /* Foundation.framework in Frameworks */,
				F6842A60153ACFF200F98BD6 /* CoreGraphics.framework in Frameworks */,
			);
			runOnlyForDeploymentPostprocessing = 0;
		};
/* End PBXFrameworksBuildPhase section */

/* Begin PBXGroup section */
		F6842A4C153ACFF200F98BD6 = {
			isa = PBXGroup;
			children = (
				F6842A61153ACFF200F98BD6 /* SimpleXmlParser */,
				F6842A5A153ACFF200F98BD6 /* Frameworks */,
				F6842A58153ACFF200F98BD6 /* Products */,
			);
			sourceTree = "<group>";
		};
		F6842A58153ACFF200F98BD6 /* Products */ = {
			isa = PBXGroup;
			children = (
				F6842A57153ACFF200F98BD6 /* SimpleXmlParser.app */,
			);
			name = Products;
			sourceTree = "<group>";
		};
		F6842A5A153ACFF200F98BD6 /* Frameworks */ = {
			isa = PBXGroup;
			children = (
				F6842A5B153ACFF200F98BD6 /* UIKit.framework */,
				F6842A5D153ACFF200F98BD6 /* Foundation.framework */,
				F6842A5F153ACFF200F98BD6 /* CoreGraphics.framework */,
			);
			name = Frameworks;
			sourceTree = "<group>";
		};
		F6842A61153ACFF200F98BD6 /* SimpleXmlParser */ = {
			isa = PBXGroup;
			children = (
				F6842A7B153AD0EA00F98BD6 /* XMLParser.h */,
				F6842A7C153AD0EA00F98BD6 /* XMLParser.m */,
				F6842A6A153ACFF300F98BD6 /* de_tobonautAppDelegate.h */,
				F6842A6B153ACFF300F98BD6 /* de_tobonautAppDelegate.m */,
				F6842A6D153ACFF300F98BD6 /* MainStoryboard.storyboard */,
				F6842A70153ACFF300F98BD6 /* de_tobonautViewController.h */,
				F6842A71153ACFF300F98BD6 /* de_tobonautViewController.m */,
				F6842A62153ACFF300F98BD6 /* Supporting Files */,
				F66DD9DC153AD88C00F0FEF2 /* XMLEntry.h */,
				F66DD9DD153AD88C00F0FEF2 /* XMLEntry.m */,
			);
			path = SimpleXmlParser;
			sourceTree = "<group>";
		};
		F6842A62153ACFF300F98BD6 /* Supporting Files */ = {
			isa = PBXGroup;
			children = (
				F6842A63153ACFF300F98BD6 /* SimpleXmlParser-Info.plist */,
				F6842A64153ACFF300F98BD6 /* InfoPlist.strings */,
				F6842A67153ACFF300F98BD6 /* main.m */,
				F6842A69153ACFF300F98BD6 /* SimpleXmlParser-Prefix.pch */,
			);
			name = "Supporting Files";
			sourceTree = "<group>";
		};
/* End PBXGroup section */

/* Begin PBXNativeTarget section */
		F6842A56153ACFF200F98BD6 /* SimpleXmlParser */ = {
			isa = PBXNativeTarget;
			buildConfigurationList = F6842A75153ACFF300F98BD6 /* Build configuration list for PBXNativeTarget "SimpleXmlParser" */;
			buildPhases = (
				F6842A53153ACFF200F98BD6 /* Sources */,
				F6842A54153ACFF200F98BD6 /* Frameworks */,
				F6842A55153ACFF200F98BD6 /* Resources */,
			);
			buildRules = (
			);
			dependencies = (
			);
			name = SimpleXmlParser;
			productName = SimpleXmlParser;
			productReference = F6842A57153ACFF200F98BD6 /* SimpleXmlParser.app */;
			productType = "com.apple.product-type.application";
		};
/* End PBXNativeTarget section */

/* Begin PBXProject section */
		F6842A4E153ACFF200F98BD6 /* Project object */ = {
			isa = PBXProject;
			attributes = {
				LastUpgradeCheck = 0420;
				ORGANIZATIONNAME = Everybody;
			};
			buildConfigurationList = F6842A51153ACFF200F98BD6 /* Build configuration list for PBXProject "SimpleXmlParser" */;
			compatibilityVersion = "Xcode 3.2";
			developmentRegion = English;
			hasScannedForEncodings = 0;
			knownRegions = (
				en,
			);
			mainGroup = F6842A4C153ACFF200F98BD6;
			productRefGroup = F6842A58153ACFF200F98BD6 /* Products */;
			projectDirPath = "";
			projectRoot = "";
			targets = (
				F6842A56153ACFF200F98BD6 /* SimpleXmlParser */,
			);
		};
/* End PBXProject section */

/* Begin PBXResourcesBuildPhase section */
		F6842A55153ACFF200F98BD6 /* Resources */ = {
			isa = PBXResourcesBuildPhase;
			buildActionMask = 2147483647;
			files = (
				F6842A66153ACFF300F98BD6 /* InfoPlist.strings in Resources */,
				F6842A6F153ACFF300F98BD6 /* MainStoryboard.storyboard in Resources */,
			);
			runOnlyForDeploymentPostprocessing = 0;
		};
/* End PBXResourcesBuildPhase section */

/* Begin PBXSourcesBuildPhase section */
		F6842A53153ACFF200F98BD6 /* Sources */ = {
			isa = PBXSourcesBuildPhase;
			buildActionMask = 2147483647;
			files = (
				F6842A68153ACFF300F98BD6 /* main.m in Sources */,
				F6842A6C153ACFF300F98BD6 /* de_tobonautAppDelegate.m in Sources */,
				F6842A72153ACFF300F98BD6 /* de_tobonautViewController.m in Sources */,
				F6842A7D153AD0EA00F98BD6 /* XMLParser.m in Sources */,
				F66DD9DE153AD88C00F0FEF2 /* XMLEntry.m in Sources */,
			);
			runOnlyForDeploymentPostprocessing = 0;
		};
/* End PBXSourcesBuildPhase section */

/* Begin PBXVariantGroup section */
		F6842A64153ACFF300F98BD6 /* InfoPlist.strings */ = {
			isa = PBXVariantGroup;
			children = (
				F6842A65153ACFF300F98BD6 /* en */,
			);
			name = InfoPlist.strings;
			sourceTree = "<group>";
		};
		F6842A6D153ACFF300F98BD6 /* MainStoryboard.storyboard */ = {
			isa = PBXVariantGroup;
			children = (
				F6842A6E153ACFF300F98BD6 /* en */,
			);
			name = MainStoryboard.storyboard;
			sourceTree = "<group>";
		};
/* End PBXVariantGroup section */

/* Begin XCBuildConfiguration section */
		F6842A73153ACFF300F98BD6 /* Debug */ = {
			isa = XCBuildConfiguration;
			buildSettings = {
				ALWAYS_SEARCH_USER_PATHS = NO;
				ARCHS = "$(ARCHS_STANDARD_32_BIT)";
				CLANG_ENABLE_OBJC_ARC = YES;
				"CODE_SIGN_IDENTITY[sdk=iphoneos*]" = "iPhone Developer";
				COPY_PHASE_STRIP = NO;
				GCC_C_LANGUAGE_STANDARD = gnu99;
				GCC_DYNAMIC_NO_PIC = NO;
				GCC_OPTIMIZATION_LEVEL = 0;
				GCC_PREPROCESSOR_DEFINITIONS = (
					"DEBUG=1",
					"$(inherited)",
				);
				GCC_SYMBOLS_PRIVATE_EXTERN = NO;
				GCC_VERSION = com.apple.compilers.llvm.clang.1_0;
				GCC_WARN_ABOUT_MISSING_PROTOTYPES = YES;
				GCC_WARN_ABOUT_RETURN_TYPE = YES;
				GCC_WARN_UNUSED_VARIABLE = YES;
				IPHONEOS_DEPLOYMENT_TARGET = 5.0;
				SDKROOT = iphoneos;
			};
			name = Debug;
		};
		F6842A74153ACFF300F98BD6 /* Release */ = {
			isa = XCBuildConfiguration;
			buildSettings = {
				ALWAYS_SEARCH_USER_PATHS = NO;
				ARCHS = "$(ARCHS_STANDARD_32_BIT)";
				CLANG_ENABLE_OBJC_ARC = YES;
				"CODE_SIGN_IDENTITY[sdk=iphoneos*]" = "iPhone Developer";
				COPY_PHASE_STRIP = YES;
				GCC_C_LANGUAGE_STANDARD = gnu99;
				GCC_VERSION = com.apple.compilers.llvm.clang.1_0;
				GCC_WARN_ABOUT_MISSING_PROTOTYPES = YES;
				GCC_WARN_ABOUT_RETURN_TYPE = YES;
				GCC_WARN_UNUSED_VARIABLE = YES;
				IPHONEOS_DEPLOYMENT_TARGET = 5.0;
				OTHER_CFLAGS = "-DNS_BLOCK_ASSERTIONS=1";
				SDKROOT = iphoneos;
				VALIDATE_PRODUCT = YES;
			};
			name = Release;
		};
		F6842A76153ACFF300F98BD6 /* Debug */ = {
			isa = XCBuildConfiguration;
			buildSettings = {
				GCC_PRECOMPILE_PREFIX_HEADER = YES;
				GCC_PREFIX_HEADER = "SimpleXmlParser/SimpleXmlParser-Prefix.pch";
				INFOPLIST_FILE = "SimpleXmlParser/SimpleXmlParser-Info.plist";
				PRODUCT_NAME = "$(TARGET_NAME)";
				WRAPPER_EXTENSION = app;
			};
			name = Debug;
		};
		F6842A77153ACFF300F98BD6 /* Release */ = {
			isa = XCBuildConfiguration;
			buildSettings = {
				GCC_PRECOMPILE_PREFIX_HEADER = YES;
				GCC_PREFIX_HEADER = "SimpleXmlParser/SimpleXmlParser-Prefix.pch";
				INFOPLIST_FILE = "SimpleXmlParser/SimpleXmlParser-Info.plist";
				PRODUCT_NAME = "$(TARGET_NAME)";
				WRAPPER_EXTENSION = app;
			};
			name = Release;
		};
/* End XCBuildConfiguration section */

/* Begin XCConfigurationList section */
		F6842A51153ACFF200F98BD6 /* Build configuration list for PBXProject "SimpleXmlParser" */ = {
			isa = XCConfigurationList;
			buildConfigurations = (
				F6842A73153ACFF300F98BD6 /* Debug */,
				F6842A74153ACFF300F98BD6 /* Release */,
			);
			defaultConfigurationIsVisible = 0;
			defaultConfigurationName = Release;
		};
		F6842A75153ACFF300F98BD6 /* Build configuration list for PBXNativeTarget "SimpleXmlParser" */ = {
			isa = XCConfigurationList;
			buildConfigurations = (
				F6842A76153ACFF300F98BD6 /* Debug */,
				F6842A77153ACFF300F98BD6 /* Release */,
			);
			defaultConfigurationIsVisible = 0;
			defaultConfigurationName = Release;
		};
/* End XCConfigurationList section */
	};
	rootObject = F6842A4E153ACFF200F98BD6 /* Project object */;
}
